
Microsoft Visual Studio Solution File, Format Version 12.00
Project("{FAE04EC0-301F-11D3-BF4B-00C04F79EFBC}") = "AlkamiTests", "AlkamiTests\AlkamiTests.csproj", "{ED70D971-2572-4FE9-ACEA-BD74492C46BD}"
EndProject
Project("{FAE04EC0-301F-11D3-BF4B-00C04F79EFBC}") = "SqsClient", "SqsClient\SqsClient.csproj", "{8AA876AF-B3CF-4BDE-BAD4-384F6301004E}"
EndProject
Project("{FAE04EC0-301F-11D3-BF4B-00C04F79EFBC}") = "SqsService", "SqsService\SqsService.csproj", "{F2871919-01F0-4638-946A-8A7E13F9DEAA}"
EndProject
Project("{FAE04EC0-301F-11D3-BF4B-00C04F79EFBC}") = "EventScheduler", "EventScheduler\EventScheduler.csproj", "{D09D4349-6F20-43BA-AD00-676DF9097245}"
EndProject
Global
	GlobalSection(SolutionConfigurationPlatforms) = preSolution
		Debug|Any CPU = Debug|Any CPU
		Release|Any CPU = Release|Any CPU
	EndGlobalSection
	GlobalSection(ProjectConfigurationPlatforms) = postSolution
		{ED70D971-2572-4FE9-ACEA-BD74492C46BD}.Debug|Any CPU.ActiveCfg = Debug|Any CPU
		{ED70D971-2572-4FE9-ACEA-BD74492C46BD}.Debug|Any CPU.Build.0 = Debug|Any CPU
		{ED70D971-2572-4FE9-ACEA-BD74492C46BD}.Release|Any CPU.ActiveCfg = Release|Any CPU
		{ED70D971-2572-4FE9-ACEA-BD74492C46BD}.Release|Any CPU.Build.0 = Release|Any CPU
		{8AA876AF-B3CF-4BDE-BAD4-384F6301004E}.Debug|Any CPU.ActiveCfg = Debug|Any CPU
		{8AA876AF-B3CF-4BDE-BAD4-384F6301004E}.Debug|Any CPU.Build.0 = Debug|Any CPU
		{8AA876AF-B3CF-4BDE-BAD4-384F6301004E}.Release|Any CPU.ActiveCfg = Release|Any CPU
		{8AA876AF-B3CF-4BDE-BAD4-384F6301004E}.Release|Any CPU.Build.0 = Release|Any CPU
		{F2871919-01F0-4638-946A-8A7E13F9DEAA}.Debug|Any CPU.ActiveCfg = Debug|Any CPU
		{F2871919-01F0-4638-946A-8A7E13F9DEAA}.Debug|Any CPU.Build.0 = Debug|Any CPU
		{F2871919-01F0-4638-946A-8A7E13F9DEAA}.Release|Any CPU.ActiveCfg = Release|Any CPU
		{F2871919-01F0-4638-946A-8A7E13F9DEAA}.Release|Any CPU.Build.0 = Release|Any CPU
		{D09D4349-6F20-43BA-AD00-676DF9097245}.Debug|Any CPU.ActiveCfg = Debug|Any CPU
		{D09D4349-6F20-43BA-AD00-676DF9097245}.Debug|Any CPU.Build.0 = Debug|Any CPU
		{D09D4349-6F20-43BA-AD00-676DF9097245}.Release|Any CPU.ActiveCfg = Release|Any CPU
		{D09D4349-6F20-43BA-AD00-676DF9097245}.Release|Any CPU.Build.0 = Release|Any CPU
	EndGlobalSection
EndGlobal
